// !$*UTF8*$!
{
	archiveVersion = 1;
	classes = {
	};
	objectVersion = 46;
	objects = {

/* Begin PBXBuildFile section */
		A173E69F21A0E1B900AB589B /* Concentration.swift in Sources */ = {isa = PBXBuildFile; fileRef = A173E69E21A0E1B900AB589B /* Concentration.swift */; };
		A173E6A121A0E27F00AB589B /* Card.swift in Sources */ = {isa = PBXBuildFile; fileRef = A173E6A021A0E27F00AB589B /* Card.swift */; };
		A177E492212B1F35001A5B1F /* AppDelegate.swift in Sources */ = {isa = PBXBuildFile; fileRef = A177E491212B1F35001A5B1F /* AppDelegate.swift */; };
		A177E494212B1F35001A5B1F /* ViewController.swift in Sources */ = {isa = PBXBuildFile; fileRef = A177E493212B1F35001A5B1F /* ViewController.swift */; };
		A177E497212B1F35001A5B1F /* Main.storyboard in Resources */ = {isa = PBXBuildFile; fileRef = A177E495212B1F35001A5B1F /* Main.storyboard */; };
		A177E499212B1F35001A5B1F /* Assets.xcassets in Resources */ = {isa = PBXBuildFile; fileRef = A177E498212B1F35001A5B1F /* Assets.xcassets */; };
		A177E49C212B1F35001A5B1F /* LaunchScreen.storyboard in Resources */ = {isa = PBXBuildFile; fileRef = A177E49A212B1F35001A5B1F /* LaunchScreen.storyboard */; };
/* End PBXBuildFile section */

/* Begin PBXFileReference section */
		A173E69E21A0E1B900AB589B /* Concentration.swift */ = {isa = PBXFileReference; lastKnownFileType = sourcecode.swift; path = Concentration.swift; sourceTree = "<group>"; };
		A173E6A021A0E27F00AB589B /* Card.swift */ = {isa = PBXFileReference; lastKnownFileType = sourcecode.swift; path = Card.swift; sourceTree = "<group>"; };
		A177E48E212B1F35001A5B1F /* concentration.app */ = {isa = PBXFileReference; explicitFileType = wrapper.application; includeInIndex = 0; path = concentration.app; sourceTree = BUILT_PRODUCTS_DIR; };
		A177E491212B1F35001A5B1F /* AppDelegate.swift */ = {isa = PBXFileReference; lastKnownFileType = sourcecode.swift; path = AppDelegate.swift; sourceTree = "<group>"; };
		A177E493212B1F35001A5B1F /* ViewController.swift */ = {isa = PBXFileReference; lastKnownFileType = sourcecode.swift; path = ViewController.swift; sourceTree = "<group>"; };
		A177E496212B1F35001A5B1F /* Base */ = {isa = PBXFileReference; lastKnownFileType = file.storyboard; name = Base; path = Base.lproj/Main.storyboard; sourceTree = "<group>"; };
		A177E498212B1F35001A5B1F /* Assets.xcassets */ = {isa = PBXFileReference; lastKnownFileType = folder.assetcatalog; path = Assets.xcassets; sourceTree = "<group>"; };
		A177E49B212B1F35001A5B1F /* Base */ = {isa = PBXFileReference; lastKnownFileType = file.storyboard; name = Base; path = Base.lproj/LaunchScreen.storyboard; sourceTree = "<group>"; };
		A177E49D212B1F35001A5B1F /* Info.plist */ = {isa = PBXFileReference; lastKnownFileType = text.plist.xml; path = Info.plist; sourceTree = "<group>"; };
/* End PBXFileReference section */

/* Begin PBXFrameworksBuildPhase section */
		A177E48B212B1F35001A5B1F /* Frameworks */ = {
			isa = PBXFrameworksBuildPhase;
			buildActionMask = 2147483647;
			files = (
			);
			runOnlyForDeploymentPostprocessing = 0;
		};
/* End PBXFrameworksBuildPhase section */

/* Begin PBXGroup section */
		A177E485212B1F34001A5B1F = {
			isa = PBXGroup;
			children = (
				A177E490212B1F35001A5B1F /* concentration */,
				A177E48F212B1F35001A5B1F /* Products */,
			);
			sourceTree = "<group>";
		};
		A177E48F212B1F35001A5B1F /* Products */ = {
			isa = PBXGroup;
			children = (
				A177E48E212B1F35001A5B1F /* concentration.app */,
			);
			name = Products;
			sourceTree = "<group>";
		};
		A177E490212B1F35001A5B1F /* concentration */ = {
			isa = PBXGroup;
			children = (
				A177E491212B1F35001A5B1F /* AppDelegate.swift */,
				A173E69E21A0E1B900AB589B /* Concentration.swift */,
				A173E6A021A0E27F00AB589B /* Card.swift */,
				A177E493212B1F35001A5B1F /* ViewController.swift */,
				A177E495212B1F35001A5B1F /* Main.storyboard */,
				A177E498212B1F35001A5B1F /* Assets.xcassets */,
				A177E49A212B1F35001A5B1F /* LaunchScreen.storyboard */,
				A177E49D212B1F35001A5B1F /* Info.plist */,
			);
			path = concentration;
			sourceTree = "<group>";
		};
/* End PBXGroup section */

/* Begin PBXNativeTarget section */
		A177E48D212B1F35001A5B1F /* concentration */ = {
			isa = PBXNativeTarget;
			buildConfigurationList = A177E4A0212B1F35001A5B1F /* Build configuration list for PBXNativeTarget "concentration" */;
			buildPhases = (
				A177E48A212B1F35001A5B1F /* Sources */,
				A177E48B212B1F35001A5B1F /* Frameworks */,
				A177E48C212B1F35001A5B1F /* Resources */,
			);
			buildRules = (
			);
			dependencies = (
			);
			name = concentration;
			productName = concentration;
			productReference = A177E48E212B1F35001A5B1F /* concentration.app */;
			productType = "com.apple.product-type.application";
		};
/* End PBXNativeTarget section */

/* Begin PBXProject section */
		A177E486212B1F34001A5B1F /* Project object */ = {
			isa = PBXProject;
			attributes = {
				LastSwiftUpdateCheck = 0810;
				LastUpgradeCheck = 0810;
				ORGANIZATIONNAME = Grace;
				TargetAttributes = {
					A177E48D212B1F35001A5B1F = {
						CreatedOnToolsVersion = 8.1;
						DevelopmentTeam = B4GZ9BZ322;
						ProvisioningStyle = Automatic;
					};
				};
			};
			buildConfigurationList = A177E489212B1F34001A5B1F /* Build configuration list for PBXProject "concentration" */;
			compatibilityVersion = "Xcode 3.2";
			developmentRegion = English;
			hasScannedForEncodings = 0;
			knownRegions = (
				en,
				Base,
			);
			mainGroup = A177E485212B1F34001A5B1F;
			productRefGroup = A177E48F212B1F35001A5B1F /* Products */;
			projectDirPath = "";
			projectRoot = "";
			targets = (
				A177E48D212B1F35001A5B1F /* concentration */,
			);
		};
/* End PBXProject section */

/* Begin PBXResourcesBuildPhase section */
		A177E48C212B1F35001A5B1F /* Resources */ = {
			isa = PBXResourcesBuildPhase;
			buildActionMask = 2147483647;
			files = (
				A177E49C212B1F35001A5B1F /* LaunchScreen.storyboard in Resources */,
				A177E499212B1F35001A5B1F /* Assets.xcassets in Resources */,
				A177E497212B1F35001A5B1F /* Main.storyboard in Resources */,
			);
			runOnlyForDeploymentPostprocessing = 0;
		};
/* End PBXResourcesBuildPhase section */

/* Begin PBXSourcesBuildPhase section */
		A177E48A212B1F35001A5B1F /* Sources */ = {
			isa = PBXSourcesBuildPhase;
			buildActionMask = 2147483647;
			files = (
				A177E494212B1F35001A5B1F /* ViewController.swift in Sources */,
				A177E492212B1F35001A5B1F /* AppDelegate.swift in Sources */,
				A173E69F21A0E1B900AB589B /* Concentration.swift in Sources */,
				A173E6A121A0E27F00AB589B /* Card.swift in Sources */,
			);
			runOnlyForDeploymentPostprocessing = 0;
		};
/* End PBXSourcesBuildPhase section */

/* Begin PBXVariantGroup section */
		A177E495212B1F35001A5B1F /* Main.storyboard */ = {
			isa = PBXVariantGroup;
			children = (
				A177E496212B1F35001A5B1F /* Base */,
			);
			name = Main.storyboard;
			sourceTree = "<group>";
		};
		A177E49A212B1F35001A5B1F /* LaunchScreen.storyboard */ = {
			isa = PBXVariantGroup;
			children = (
				A177E49B212B1F35001A5B1F /* Base */,
			);
			name = LaunchScreen.storyboard;
			sourceTree = "<group>";
		};
/* End PBXVariantGroup section */

/* Begin XCBuildConfiguration section */
		A177E49E212B1F35001A5B1F /* Debug */ = {
			isa = XCBuildConfiguration;
			buildSettings = {
				ALWAYS_SEARCH_USER_PATHS = NO;
				CLANG_ANALYZER_NONNULL = YES;
				CLANG_CXX_LANGUAGE_STANDARD = "gnu++0x";
				CLANG_CXX_LIBRARY = "libc++";
				CLANG_ENABLE_MODULES = YES;
				CLANG_ENABLE_OBJC_ARC = YES;
				CLANG_WARN_BOOL_CONVERSION = YES;
				CLANG_WARN_CONSTANT_CONVERSION = YES;
				CLANG_WARN_DIRECT_OBJC_ISA_USAGE = YES_ERROR;
				CLANG_WARN_DOCUMENTATION_COMMENTS = YES;
				CLANG_WARN_EMPTY_BODY = YES;
				CLANG_WARN_ENUM_CONVERSION = YES;
				CLANG_WARN_INFINITE_RECURSION = YES;
				CLANG_WARN_INT_CONVERSION = YES;
				CLANG_WARN_OBJC_ROOT_CLASS = YES_ERROR;
				CLANG_WARN_SUSPICIOUS_MOVES = YES;
				CLANG_WARN_UNREACHABLE_CODE = YES;
				CLANG_WARN__DUPLICATE_METHOD_MATCH = YES;
				"CODE_SIGN_IDENTITY[sdk=iphoneos*]" = "iPhone Developer";
				COPY_PHASE_STRIP = NO;
				DEBUG_INFORMATION_FORMAT = dwarf;
				ENABLE_STRICT_OBJC_MSGSEND = YES;
				ENABLE_TESTABILITY = YES;
				GCC_C_LANGUAGE_STANDARD = gnu99;
				GCC_DYNAMIC_NO_PIC = NO;
				GCC_NO_COMMON_BLOCKS = YES;
				GCC_OPTIMIZATION_LEVEL = 0;
				GCC_PREPROCESSOR_DEFINITIONS = (
					"DEBUG=1",
					"$(inherited)",
				);
				GCC_WARN_64_TO_32_BIT_CONVERSION = YES;
				GCC_WARN_ABOUT_RETURN_TYPE = YES_ERROR;
				GCC_WARN_UNDECLARED_SELECTOR = YES;
				GCC_WARN_UNINITIALIZED_AUTOS = YES_AGGRESSIVE;
				GCC_WARN_UNUSED_FUNCTION = YES;
				GCC_WARN_UNUSED_VARIABLE = YES;
				IPHONEOS_DEPLOYMENT_TARGET = 10.1;
				MTL_ENABLE_DEBUG_INFO = YES;
				ONLY_ACTIVE_ARCH = YES;
				SDKROOT = iphoneos;
				SWIFT_ACTIVE_COMPILATION_CONDITIONS = DEBUG;
				SWIFT_OPTIMIZATION_LEVEL = "-Onone";
			};
			name = Debug;
		};
		A177E49F212B1F35001A5B1F /* Release */ = {
			isa = XCBuildConfiguration;
			buildSettings = {
				ALWAYS_SEARCH_USER_PATHS = NO;
				CLANG_ANALYZER_NONNULL = YES;
				CLANG_CXX_LANGUAGE_STANDARD = "gnu++0x";
				CLANG_CXX_LIBRARY = "libc++";
				CLANG_ENABLE_MODULES = YES;
				CLANG_ENABLE_OBJC_ARC = YES;
				CLANG_WARN_BOOL_CONVERSION = YES;
				CLANG_WARN_CONSTANT_CONVERSION = YES;
				CLANG_WARN_DIRECT_OBJC_ISA_USAGE = YES_ERROR;
				CLANG_WARN_DOCUMENTATION_COMMENTS = YES;
				CLANG_WARN_EMPTY_BODY = YES;
				CLANG_WARN_ENUM_CONVERSION = YES;
				CLANG_WARN_INFINITE_RECURSION = YES;
				CLANG_WARN_INT_CONVERSION = YES;
				CLANG_WARN_OBJC_ROOT_CLASS = YES_ERROR;
				CLANG_WARN_SUSPICIOUS_MOVES = YES;
				CLANG_WARN_UNREACHABLE_CODE = YES;
				CLANG_WARN__DUPLICATE_METHOD_MATCH = YES;
				"CODE_SIGN_IDENTITY[sdk=iphoneos*]" = "iPhone Developer";
				COPY_PHASE_STRIP = NO;
				DEBUG_INFORMATION_FORMAT = "dwarf-with-dsym";
				ENABLE_NS_ASSERTIONS = NO;
				ENABLE_STRICT_OBJC_MSGSEND = YES;
				GCC_C_LANGUAGE_STANDARD = gnu99;
				GCC_NO_COMMON_BLOCKS = YES;
				GCC_WARN_64_TO_32_BIT_CONVERSION = YES;
				GCC_WARN_ABOUT_RETURN_TYPE = YES_ERROR;
				GCC_WARN_UNDECLARED_SELECTOR = YES;
				GCC_WARN_UNINITIALIZED_AUTOS = YES_AGGRESSIVE;
				GCC_WARN_UNUSED_FUNCTION = YES;
				GCC_WARN_UNUSED_VARIABLE = YES;
				IPHONEOS_DEPLOYMENT_TARGET = 10.1;
				MTL_ENABLE_DEBUG_INFO = NO;
				SDKROOT = iphoneos;
				SWIFT_OPTIMIZATION_LEVEL = "-Owholemodule";
				VALIDATE_PRODUCT = YES;
			};
			name = Release;
		};
		A177E4A1212B1F35001A5B1F /* Debug */ = {
			isa = XCBuildConfiguration;
			buildSettings = {
				ASSETCATALOG_COMPILER_APPICON_NAME = AppIcon;
				DEVELOPMENT_TEAM = B4GZ9BZ322;
				INFOPLIST_FILE = concentration/Info.plist;
				LD_RUNPATH_SEARCH_PATHS = "$(inherited) @executable_path/Frameworks";
				PRODUCT_BUNDLE_IDENTIFIER = com.Grace.concentration;
				PRODUCT_NAME = "$(TARGET_NAME)";
				SWIFT_VERSION = 3.0;
			};
			name = Debug;
		};
		A177E4A2212B1F35001A5B1F /* Release */ = {
			isa = XCBuildConfiguration;
			buildSettings = {
				ASSETCATALOG_COMPILER_APPICON_NAME = AppIcon;
				DEVELOPMENT_TEAM = B4GZ9BZ322;
				INFOPLIST_FILE = concentration/Info.plist;
				LD_RUNPATH_SEARCH_PATHS = "$(inherited) @executable_path/Frameworks";
				PRODUCT_BUNDLE_IDENTIFIER = com.Grace.concentration;
				PRODUCT_NAME = "$(TARGET_NAME)";
				SWIFT_VERSION = 3.0;
			};
			name = Release;
		};
/* End XCBuildConfiguration section */

/* Begin XCConfigurationList section */
		A177E489212B1F34001A5B1F /* Build configuration list for PBXProject "concentration" */ = {
			isa = XCConfigurationList;
			buildConfigurations = (
				A177E49E212B1F35001A5B1F /* Debug */,
				A177E49F212B1F35001A5B1F /* Release */,
			);
			defaultConfigurationIsVisible = 0;
			defaultConfigurationName = Release;
		};
		A177E4A0212B1F35001A5B1F /* Build configuration list for PBXNativeTarget "concentration" */ = {
			isa = XCConfigurationList;
			buildConfigurations = (
				A177E4A1212B1F35001A5B1F /* Debug */,
				A177E4A2212B1F35001A5B1F /* Release */,
			);
			defaultConfigurationIsVisible = 0;
			defaultConfigurationName = Release;
		};
/* End XCConfigurationList section */
	};
	rootObject = A177E486212B1F34001A5B1F /* Project object */;
}
